
Microsoft Visual Studio Solution File, Format Version 12.00
# Visual Studio Version 16
VisualStudioVersion = 16.0.31229.75
MinimumVisualStudioVersion = 10.0.40219.1
Project("{2150E333-8FDC-42A3-9474-1A3956D46DE8}") = "Aula01", "Aula01", "{AC4906B3-F1CA-4555-AE2A-95381A53AD52}"
EndProject
Project("{FAE04EC0-301F-11D3-BF4B-00C04F79EFBC}") = "ValidadorDeDocumentos", "ValidadorDeDocumentos\ValidadorDeDocumentos.csproj", "{28437C84-88A8-4C20-92C2-71BF250CE4D3}"
EndProject
Project("{2150E333-8FDC-42A3-9474-1A3956D46DE8}") = "Aula02", "Aula02", "{D74E22D3-38F6-4665-8010-EC7D2B1648DD}"
EndProject
Project("{FAE04EC0-301F-11D3-BF4B-00C04F79EFBC}") = "TrabalhandoComDatas", "TrabalhandoComDatas\TrabalhandoComDatas.csproj", "{520D06FB-4FE8-428A-8A75-F17B2D34AC26}"
EndProject
Project("{FAE04EC0-301F-11D3-BF4B-00C04F79EFBC}") = "NumerosPorExtenso", "NumerosPorExtenso\NumerosPorExtenso.csproj", "{49408B8E-C354-4AAE-9266-14A8606BDA9D}"
EndProject
Project("{2150E333-8FDC-42A3-9474-1A3956D46DE8}") = "Aula03", "Aula03", "{403E2A5B-0431-4B22-84E7-B18DA5E08AAB}"
EndProject
Project("{FAE04EC0-301F-11D3-BF4B-00C04F79EFBC}") = "Dinheiro", "Dinheiro\Dinheiro.csproj", "{34DFA9DC-D47A-4B0C-B11F-DAD614695BD3}"
EndProject
Project("{2150E333-8FDC-42A3-9474-1A3956D46DE8}") = "Aula04", "Aula04", "{208BC84C-E226-4E29-A0BF-65C265AFA7B0}"
EndProject
Project("{FAE04EC0-301F-11D3-BF4B-00C04F79EFBC}") = "CEP", "CEP\CEP.csproj", "{1DB1C0EE-9FFC-4495-AB37-D5C4C8506975}"
EndProject
Global
	GlobalSection(SolutionConfigurationPlatforms) = preSolution
		Debug|Any CPU = Debug|Any CPU
		Release|Any CPU = Release|Any CPU
	EndGlobalSection
	GlobalSection(ProjectConfigurationPlatforms) = postSolution
		{28437C84-88A8-4C20-92C2-71BF250CE4D3}.Debug|Any CPU.ActiveCfg = Debug|Any CPU
		{28437C84-88A8-4C20-92C2-71BF250CE4D3}.Debug|Any CPU.Build.0 = Debug|Any CPU
		{28437C84-88A8-4C20-92C2-71BF250CE4D3}.Release|Any CPU.ActiveCfg = Release|Any CPU
		{28437C84-88A8-4C20-92C2-71BF250CE4D3}.Release|Any CPU.Build.0 = Release|Any CPU
		{520D06FB-4FE8-428A-8A75-F17B2D34AC26}.Debug|Any CPU.ActiveCfg = Debug|Any CPU
		{520D06FB-4FE8-428A-8A75-F17B2D34AC26}.Debug|Any CPU.Build.0 = Debug|Any CPU
		{520D06FB-4FE8-428A-8A75-F17B2D34AC26}.Release|Any CPU.ActiveCfg = Release|Any CPU
		{520D06FB-4FE8-428A-8A75-F17B2D34AC26}.Release|Any CPU.Build.0 = Release|Any CPU
		{49408B8E-C354-4AAE-9266-14A8606BDA9D}.Debug|Any CPU.ActiveCfg = Debug|Any CPU
		{49408B8E-C354-4AAE-9266-14A8606BDA9D}.Debug|Any CPU.Build.0 = Debug|Any CPU
		{49408B8E-C354-4AAE-9266-14A8606BDA9D}.Release|Any CPU.ActiveCfg = Release|Any CPU
		{49408B8E-C354-4AAE-9266-14A8606BDA9D}.Release|Any CPU.Build.0 = Release|Any CPU
		{34DFA9DC-D47A-4B0C-B11F-DAD614695BD3}.Debug|Any CPU.ActiveCfg = Debug|Any CPU
		{34DFA9DC-D47A-4B0C-B11F-DAD614695BD3}.Debug|Any CPU.Build.0 = Debug|Any CPU
		{34DFA9DC-D47A-4B0C-B11F-DAD614695BD3}.Release|Any CPU.ActiveCfg = Release|Any CPU
		{34DFA9DC-D47A-4B0C-B11F-DAD614695BD3}.Release|Any CPU.Build.0 = Release|Any CPU
		{1DB1C0EE-9FFC-4495-AB37-D5C4C8506975}.Debug|Any CPU.ActiveCfg = Debug|Any CPU
		{1DB1C0EE-9FFC-4495-AB37-D5C4C8506975}.Debug|Any CPU.Build.0 = Debug|Any CPU
		{1DB1C0EE-9FFC-4495-AB37-D5C4C8506975}.Release|Any CPU.ActiveCfg = Release|Any CPU
		{1DB1C0EE-9FFC-4495-AB37-D5C4C8506975}.Release|Any CPU.Build.0 = Release|Any CPU
	EndGlobalSection
	GlobalSection(SolutionProperties) = preSolution
		HideSolutionNode = FALSE
	EndGlobalSection
	GlobalSection(NestedProjects) = preSolution
		{28437C84-88A8-4C20-92C2-71BF250CE4D3} = {AC4906B3-F1CA-4555-AE2A-95381A53AD52}
		{520D06FB-4FE8-428A-8A75-F17B2D34AC26} = {D74E22D3-38F6-4665-8010-EC7D2B1648DD}
		{49408B8E-C354-4AAE-9266-14A8606BDA9D} = {D74E22D3-38F6-4665-8010-EC7D2B1648DD}
		{34DFA9DC-D47A-4B0C-B11F-DAD614695BD3} = {403E2A5B-0431-4B22-84E7-B18DA5E08AAB}
		{1DB1C0EE-9FFC-4495-AB37-D5C4C8506975} = {208BC84C-E226-4E29-A0BF-65C265AFA7B0}
	EndGlobalSection
	GlobalSection(ExtensibilityGlobals) = postSolution
		SolutionGuid = {95BDAF48-923C-4F88-BB59-C21A37EE8B71}
	EndGlobalSection
EndGlobal
